
Microsoft Visual Studio Solution File, Format Version 12.00
# Visual Studio Version 17
VisualStudioVersion = 17.7.34003.232
MinimumVisualStudioVersion = 10.0.40219.1
Project("{FAE04EC0-301F-11D3-BF4B-00C04F79EFBC}") = "CoreProjectDemo", "CoreProjectDemo\CoreProjectDemo.csproj", "{E4616AE5-AF27-45C9-8512-FAB0EBC5E671}"
EndProject
Project("{FAE04EC0-301F-11D3-BF4B-00C04F79EFBC}") = "BusinessLayer", "BusinessLayer\BusinessLayer.csproj", "{761E3334-E8CD-4794-A414-FF7D09BFB06F}"
EndProject
Project("{FAE04EC0-301F-11D3-BF4B-00C04F79EFBC}") = "DataAccessLayer", "DataAccessLayer\DataAccessLayer.csproj", "{06805A11-54D5-492B-A89E-F7E8D7E4DA73}"
EndProject
Project("{FAE04EC0-301F-11D3-BF4B-00C04F79EFBC}") = "EntityLayer", "EntityLayer\EntityLayer.csproj", "{F2EA28A3-8D3D-4099-94BE-3FEAB89293B0}"
EndProject
Global
	GlobalSection(SolutionConfigurationPlatforms) = preSolution
		Debug|Any CPU = Debug|Any CPU
		Release|Any CPU = Release|Any CPU
	EndGlobalSection
	GlobalSection(ProjectConfigurationPlatforms) = postSolution
		{E4616AE5-AF27-45C9-8512-FAB0EBC5E671}.Debug|Any CPU.ActiveCfg = Debug|Any CPU
		{E4616AE5-AF27-45C9-8512-FAB0EBC5E671}.Debug|Any CPU.Build.0 = Debug|Any CPU
		{E4616AE5-AF27-45C9-8512-FAB0EBC5E671}.Release|Any CPU.ActiveCfg = Release|Any CPU
		{E4616AE5-AF27-45C9-8512-FAB0EBC5E671}.Release|Any CPU.Build.0 = Release|Any CPU
		{761E3334-E8CD-4794-A414-FF7D09BFB06F}.Debug|Any CPU.ActiveCfg = Debug|Any CPU
		{761E3334-E8CD-4794-A414-FF7D09BFB06F}.Debug|Any CPU.Build.0 = Debug|Any CPU
		{761E3334-E8CD-4794-A414-FF7D09BFB06F}.Release|Any CPU.ActiveCfg = Release|Any CPU
		{761E3334-E8CD-4794-A414-FF7D09BFB06F}.Release|Any CPU.Build.0 = Release|Any CPU
		{06805A11-54D5-492B-A89E-F7E8D7E4DA73}.Debug|Any CPU.ActiveCfg = Debug|Any CPU
		{06805A11-54D5-492B-A89E-F7E8D7E4DA73}.Debug|Any CPU.Build.0 = Debug|Any CPU
		{06805A11-54D5-492B-A89E-F7E8D7E4DA73}.Release|Any CPU.ActiveCfg = Release|Any CPU
		{06805A11-54D5-492B-A89E-F7E8D7E4DA73}.Release|Any CPU.Build.0 = Release|Any CPU
		{F2EA28A3-8D3D-4099-94BE-3FEAB89293B0}.Debug|Any CPU.ActiveCfg = Debug|Any CPU
		{F2EA28A3-8D3D-4099-94BE-3FEAB89293B0}.Debug|Any CPU.Build.0 = Debug|Any CPU
		{F2EA28A3-8D3D-4099-94BE-3FEAB89293B0}.Release|Any CPU.ActiveCfg = Release|Any CPU
		{F2EA28A3-8D3D-4099-94BE-3FEAB89293B0}.Release|Any CPU.Build.0 = Release|Any CPU
	EndGlobalSection
	GlobalSection(SolutionProperties) = preSolution
		HideSolutionNode = FALSE
	EndGlobalSection
	GlobalSection(ExtensibilityGlobals) = postSolution
		SolutionGuid = {CB876A14-CEAE-4726-A4FD-90DCE7E76BAA}
	EndGlobalSection
EndGlobal
